<Solution>
  <Project Path="NaughtyAttributes.Core.csproj" />
  <Project Path="Assembly-CSharp.csproj" />
  <Project Path="NaughtyAttributes.Editor.csproj" />
  <Project Path="NaughtyAttributes.Test.csproj" />
  <Project Path="FMODUnityResonanceEditor.csproj" />
  <Project Path="FMODUnityEditor.csproj" />
  <Project Path="FMODUnity.csproj" />
  <Project Path="FMODUnityHaptics.csproj" />
  <Project Path="FMODUnityResonance.csproj" />
</Solution>
